// !$*UTF8*$!
{
	archiveVersion = 1;
	classes = {
	};
	objectVersion = 46;
	objects = {

/* Begin PBXBuildFile section */
		1BEBEC151DB5DDC5001BA2E4 /* AppDelegate.swift in Sources */ = {isa = PBXBuildFile; fileRef = 1BEBEC141DB5DDC5001BA2E4 /* AppDelegate.swift */; };
		1BEBEC171DB5DDC5001BA2E4 /* ViewController.swift in Sources */ = {isa = PBXBuildFile; fileRef = 1BEBEC161DB5DDC5001BA2E4 /* ViewController.swift */; };
		1BEBEC1A1DB5DDC5001BA2E4 /* Main.storyboard in Resources */ = {isa = PBXBuildFile; fileRef = 1BEBEC181DB5DDC5001BA2E4 /* Main.storyboard */; };
		1BEBEC1C1DB5DDC5001BA2E4 /* Assets.xcassets in Resources */ = {isa = PBXBuildFile; fileRef = 1BEBEC1B1DB5DDC5001BA2E4 /* Assets.xcassets */; };
		1BEBEC1F1DB5DDC5001BA2E4 /* LaunchScreen.storyboard in Resources */ = {isa = PBXBuildFile; fileRef = 1BEBEC1D1DB5DDC5001BA2E4 /* LaunchScreen.storyboard */; };
/* End PBXBuildFile section */

/* Begin PBXFileReference section */
		1BEBEC111DB5DDC5001BA2E4 /* TrackTV.app */ = {isa = PBXFileReference; explicitFileType = wrapper.application; includeInIndex = 0; path = TrackTV.app; sourceTree = BUILT_PRODUCTS_DIR; };
		1BEBEC141DB5DDC5001BA2E4 /* AppDelegate.swift */ = {isa = PBXFileReference; lastKnownFileType = sourcecode.swift; path = AppDelegate.swift; sourceTree = "<group>"; };
		1BEBEC161DB5DDC5001BA2E4 /* ViewController.swift */ = {isa = PBXFileReference; lastKnownFileType = sourcecode.swift; path = ViewController.swift; sourceTree = "<group>"; };
		1BEBEC191DB5DDC5001BA2E4 /* Base */ = {isa = PBXFileReference; lastKnownFileType = file.storyboard; name = Base; path = Base.lproj/Main.storyboard; sourceTree = "<group>"; };
		1BEBEC1B1DB5DDC5001BA2E4 /* Assets.xcassets */ = {isa = PBXFileReference; lastKnownFileType = folder.assetcatalog; path = Assets.xcassets; sourceTree = "<group>"; };
		1BEBEC1E1DB5DDC5001BA2E4 /* Base */ = {isa = PBXFileReference; lastKnownFileType = file.storyboard; name = Base; path = Base.lproj/LaunchScreen.storyboard; sourceTree = "<group>"; };
		1BEBEC201DB5DDC5001BA2E4 /* Info.plist */ = {isa = PBXFileReference; lastKnownFileType = text.plist.xml; path = Info.plist; sourceTree = "<group>"; };
/* End PBXFileReference section */

/* Begin PBXFrameworksBuildPhase section */
		1BEBEC0E1DB5DDC4001BA2E4 /* Frameworks */ = {
			isa = PBXFrameworksBuildPhase;
			buildActionMask = 2147483647;
			files = (
			);
			runOnlyForDeploymentPostprocessing = 0;
		};
/* End PBXFrameworksBuildPhase section */

/* Begin PBXGroup section */
		1BEBEC081DB5DDC4001BA2E4 = {
			isa = PBXGroup;
			children = (
				1BEBEC131DB5DDC5001BA2E4 /* TrackTV */,
				1BEBEC121DB5DDC5001BA2E4 /* Products */,
			);
			sourceTree = "<group>";
		};
		1BEBEC121DB5DDC5001BA2E4 /* Products */ = {
			isa = PBXGroup;
			children = (
				1BEBEC111DB5DDC5001BA2E4 /* TrackTV.app */,
			);
			name = Products;
			sourceTree = "<group>";
		};
		1BEBEC131DB5DDC5001BA2E4 /* TrackTV */ = {
			isa = PBXGroup;
			children = (
				1BEBEC141DB5DDC5001BA2E4 /* AppDelegate.swift */,
				1BEBEC161DB5DDC5001BA2E4 /* ViewController.swift */,
				1BEBEC181DB5DDC5001BA2E4 /* Main.storyboard */,
				1BEBEC1B1DB5DDC5001BA2E4 /* Assets.xcassets */,
				1BEBEC1D1DB5DDC5001BA2E4 /* LaunchScreen.storyboard */,
				1BEBEC201DB5DDC5001BA2E4 /* Info.plist */,
			);
			path = TrackTV;
			sourceTree = "<group>";
		};
/* End PBXGroup section */

/* Begin PBXNativeTarget section */
		1BEBEC101DB5DDC4001BA2E4 /* TrackTV */ = {
			isa = PBXNativeTarget;
			buildConfigurationList = 1BEBEC231DB5DDC5001BA2E4 /* Build configuration list for PBXNativeTarget "TrackTV" */;
			buildPhases = (
				1BEBEC0D1DB5DDC4001BA2E4 /* Sources */,
				1BEBEC0E1DB5DDC4001BA2E4 /* Frameworks */,
				1BEBEC0F1DB5DDC4001BA2E4 /* Resources */,
			);
			buildRules = (
			);
			dependencies = (
			);
			name = TrackTV;
			productName = TrackTV;
			productReference = 1BEBEC111DB5DDC5001BA2E4 /* TrackTV.app */;
			productType = "com.apple.product-type.application";
		};
/* End PBXNativeTarget section */

/* Begin PBXProject section */
		1BEBEC091DB5DDC4001BA2E4 /* Project object */ = {
			isa = PBXProject;
			attributes = {
				LastSwiftUpdateCheck = 0800;
				LastUpgradeCheck = 0800;
				ORGANIZATIONNAME = "史丹利复合田";
				TargetAttributes = {
					1BEBEC101DB5DDC4001BA2E4 = {
						CreatedOnToolsVersion = 8.0;
						DevelopmentTeam = 7VNR396R9U;
						ProvisioningStyle = Automatic;
					};
				};
			};
			buildConfigurationList = 1BEBEC0C1DB5DDC4001BA2E4 /* Build configuration list for PBXProject "TrackTV" */;
			compatibilityVersion = "Xcode 3.2";
			developmentRegion = English;
			hasScannedForEncodings = 0;
			knownRegions = (
				en,
				Base,
			);
			mainGroup = 1BEBEC081DB5DDC4001BA2E4;
			productRefGroup = 1BEBEC121DB5DDC5001BA2E4 /* Products */;
			projectDirPath = "";
			projectRoot = "";
			targets = (
				1BEBEC101DB5DDC4001BA2E4 /* TrackTV */,
			);
		};
/* End PBXProject section */

/* Begin PBXResourcesBuildPhase section */
		1BEBEC0F1DB5DDC4001BA2E4 /* Resources */ = {
			isa = PBXResourcesBuildPhase;
			buildActionMask = 2147483647;
			files = (
				1BEBEC1F1DB5DDC5001BA2E4 /* LaunchScreen.storyboard in Resources */,
				1BEBEC1C1DB5DDC5001BA2E4 /* Assets.xcassets in Resources */,
				1BEBEC1A1DB5DDC5001BA2E4 /* Main.storyboard in Resources */,
			);
			runOnlyForDeploymentPostprocessing = 0;
		};
/* End PBXResourcesBuildPhase section */

/* Begin PBXSourcesBuildPhase section */
		1BEBEC0D1DB5DDC4001BA2E4 /* Sources */ = {
			isa = PBXSourcesBuildPhase;
			buildActionMask = 2147483647;
			files = (
				1BEBEC171DB5DDC5001BA2E4 /* ViewController.swift in Sources */,
				1BEBEC151DB5DDC5001BA2E4 /* AppDelegate.swift in Sources */,
			);
			runOnlyForDeploymentPostprocessing = 0;
		};
/* End PBXSourcesBuildPhase section */

/* Begin PBXVariantGroup section */
		1BEBEC181DB5DDC5001BA2E4 /* Main.storyboard */ = {
			isa = PBXVariantGroup;
			children = (
				1BEBEC191DB5DDC5001BA2E4 /* Base */,
			);
			name = Main.storyboard;
			sourceTree = "<group>";
		};
		1BEBEC1D1DB5DDC5001BA2E4 /* LaunchScreen.storyboard */ = {
			isa = PBXVariantGroup;
			children = (
				1BEBEC1E1DB5DDC5001BA2E4 /* Base */,
			);
			name = LaunchScreen.storyboard;
			sourceTree = "<group>";
		};
/* End PBXVariantGroup section */

/* Begin XCBuildConfiguration section */
		1BEBEC211DB5DDC5001BA2E4 /* Debug */ = {
			isa = XCBuildConfiguration;
			buildSettings = {
				ALWAYS_SEARCH_USER_PATHS = NO;
				CLANG_ANALYZER_NONNULL = YES;
				CLANG_CXX_LANGUAGE_STANDARD = "gnu++0x";
				CLANG_CXX_LIBRARY = "libc++";
				CLANG_ENABLE_MODULES = YES;
				CLANG_ENABLE_OBJC_ARC = YES;
				CLANG_WARN_BOOL_CONVERSION = YES;
				CLANG_WARN_CONSTANT_CONVERSION = YES;
				CLANG_WARN_DIRECT_OBJC_ISA_USAGE = YES_ERROR;
				CLANG_WARN_DOCUMENTATION_COMMENTS = YES;
				CLANG_WARN_EMPTY_BODY = YES;
				CLANG_WARN_ENUM_CONVERSION = YES;
				CLANG_WARN_INFINITE_RECURSION = YES;
				CLANG_WARN_INT_CONVERSION = YES;
				CLANG_WARN_OBJC_ROOT_CLASS = YES_ERROR;
				CLANG_WARN_SUSPICIOUS_MOVES = YES;
				CLANG_WARN_UNREACHABLE_CODE = YES;
				CLANG_WARN__DUPLICATE_METHOD_MATCH = YES;
				"CODE_SIGN_IDENTITY[sdk=iphoneos*]" = "iPhone Developer";
				COPY_PHASE_STRIP = NO;
				DEBUG_INFORMATION_FORMAT = dwarf;
				ENABLE_STRICT_OBJC_MSGSEND = YES;
				ENABLE_TESTABILITY = YES;
				GCC_C_LANGUAGE_STANDARD = gnu99;
				GCC_DYNAMIC_NO_PIC = NO;
				GCC_NO_COMMON_BLOCKS = YES;
				GCC_OPTIMIZATION_LEVEL = 0;
				GCC_PREPROCESSOR_DEFINITIONS = (
					"DEBUG=1",
					"$(inherited)",
				);
				GCC_WARN_64_TO_32_BIT_CONVERSION = YES;
				GCC_WARN_ABOUT_RETURN_TYPE = YES_ERROR;
				GCC_WARN_UNDECLARED_SELECTOR = YES;
				GCC_WARN_UNINITIALIZED_AUTOS = YES_AGGRESSIVE;
				GCC_WARN_UNUSED_FUNCTION = YES;
				GCC_WARN_UNUSED_VARIABLE = YES;
				IPHONEOS_DEPLOYMENT_TARGET = 10.0;
				MTL_ENABLE_DEBUG_INFO = YES;
				ONLY_ACTIVE_ARCH = YES;
				SDKROOT = iphoneos;
				SWIFT_ACTIVE_COMPILATION_CONDITIONS = DEBUG;
				SWIFT_OPTIMIZATION_LEVEL = "-Onone";
			};
			name = Debug;
		};
		1BEBEC221DB5DDC5001BA2E4 /* Release */ = {
			isa = XCBuildConfiguration;
			buildSettings = {
				ALWAYS_SEARCH_USER_PATHS = NO;
				CLANG_ANALYZER_NONNULL = YES;
				CLANG_CXX_LANGUAGE_STANDARD = "gnu++0x";
				CLANG_CXX_LIBRARY = "libc++";
				CLANG_ENABLE_MODULES = YES;
				CLANG_ENABLE_OBJC_ARC = YES;
				CLANG_WARN_BOOL_CONVERSION = YES;
				CLANG_WARN_CONSTANT_CONVERSION = YES;
				CLANG_WARN_DIRECT_OBJC_ISA_USAGE = YES_ERROR;
				CLANG_WARN_DOCUMENTATION_COMMENTS = YES;
				CLANG_WARN_EMPTY_BODY = YES;
				CLANG_WARN_ENUM_CONVERSION = YES;
				CLANG_WARN_INFINITE_RECURSION = YES;
				CLANG_WARN_INT_CONVERSION = YES;
				CLANG_WARN_OBJC_ROOT_CLASS = YES_ERROR;
				CLANG_WARN_SUSPICIOUS_MOVES = YES;
				CLANG_WARN_UNREACHABLE_CODE = YES;
				CLANG_WARN__DUPLICATE_METHOD_MATCH = YES;
				"CODE_SIGN_IDENTITY[sdk=iphoneos*]" = "iPhone Developer";
				COPY_PHASE_STRIP = NO;
				DEBUG_INFORMATION_FORMAT = "dwarf-with-dsym";
				ENABLE_NS_ASSERTIONS = NO;
				ENABLE_STRICT_OBJC_MSGSEND = YES;
				GCC_C_LANGUAGE_STANDARD = gnu99;
				GCC_NO_COMMON_BLOCKS = YES;
				GCC_WARN_64_TO_32_BIT_CONVERSION = YES;
				GCC_WARN_ABOUT_RETURN_TYPE = YES_ERROR;
				GCC_WARN_UNDECLARED_SELECTOR = YES;
				GCC_WARN_UNINITIALIZED_AUTOS = YES_AGGRESSIVE;
				GCC_WARN_UNUSED_FUNCTION = YES;
				GCC_WARN_UNUSED_VARIABLE = YES;
				IPHONEOS_DEPLOYMENT_TARGET = 10.0;
				MTL_ENABLE_DEBUG_INFO = NO;
				SDKROOT = iphoneos;
				SWIFT_OPTIMIZATION_LEVEL = "-Owholemodule";
				VALIDATE_PRODUCT = YES;
			};
			name = Release;
		};
		1BEBEC241DB5DDC5001BA2E4 /* Debug */ = {
			isa = XCBuildConfiguration;
			buildSettings = {
				ASSETCATALOG_COMPILER_APPICON_NAME = AppIcon;
				DEVELOPMENT_TEAM = 7VNR396R9U;
				INFOPLIST_FILE = TrackTV/Info.plist;
				LD_RUNPATH_SEARCH_PATHS = "$(inherited) @executable_path/Frameworks";
				PRODUCT_BUNDLE_IDENTIFIER = com.tmt.TrackTV;
				PRODUCT_NAME = "$(TARGET_NAME)";
				SWIFT_VERSION = 3.0;
			};
			name = Debug;
		};
		1BEBEC251DB5DDC5001BA2E4 /* Release */ = {
			isa = XCBuildConfiguration;
			buildSettings = {
				ASSETCATALOG_COMPILER_APPICON_NAME = AppIcon;
				DEVELOPMENT_TEAM = 7VNR396R9U;
				INFOPLIST_FILE = TrackTV/Info.plist;
				LD_RUNPATH_SEARCH_PATHS = "$(inherited) @executable_path/Frameworks";
				PRODUCT_BUNDLE_IDENTIFIER = com.tmt.TrackTV;
				PRODUCT_NAME = "$(TARGET_NAME)";
				SWIFT_VERSION = 3.0;
			};
			name = Release;
		};
/* End XCBuildConfiguration section */

/* Begin XCConfigurationList section */
		1BEBEC0C1DB5DDC4001BA2E4 /* Build configuration list for PBXProject "TrackTV" */ = {
			isa = XCConfigurationList;
			buildConfigurations = (
				1BEBEC211DB5DDC5001BA2E4 /* Debug */,
				1BEBEC221DB5DDC5001BA2E4 /* Release */,
			);
			defaultConfigurationIsVisible = 0;
			defaultConfigurationName = Release;
		};
		1BEBEC231DB5DDC5001BA2E4 /* Build configuration list for PBXNativeTarget "TrackTV" */ = {
			isa = XCConfigurationList;
			buildConfigurations = (
				1BEBEC241DB5DDC5001BA2E4 /* Debug */,
				1BEBEC251DB5DDC5001BA2E4 /* Release */,
			);
			defaultConfigurationIsVisible = 0;
		};
/* End XCConfigurationList section */
	};
	rootObject = 1BEBEC091DB5DDC4001BA2E4 /* Project object */;
}
